
Microsoft Visual Studio Solution File, Format Version 12.00
# Visual Studio Version 16
VisualStudioVersion = 16.0.31410.357
MinimumVisualStudioVersion = 10.0.40219.1
Project("{FAE04EC0-301F-11D3-BF4B-00C04F79EFBC}") = "Hello-Prabir-World", "Hello-Prabir-World\Hello-Prabir-World.csproj", "{79427DE9-6D92-4722-BF41-6A6626C829D1}"
EndProject
Global
	GlobalSection(SolutionConfigurationPlatforms) = preSolution
		Debug|Any CPU = Debug|Any CPU
		Release|Any CPU = Release|Any CPU
	EndGlobalSection
	GlobalSection(ProjectConfigurationPlatforms) = postSolution
		{79427DE9-6D92-4722-BF41-6A6626C829D1}.Debug|Any CPU.ActiveCfg = Debug|Any CPU
		{79427DE9-6D92-4722-BF41-6A6626C829D1}.Debug|Any CPU.Build.0 = Debug|Any CPU
		{79427DE9-6D92-4722-BF41-6A6626C829D1}.Release|Any CPU.ActiveCfg = Release|Any CPU
		{79427DE9-6D92-4722-BF41-6A6626C829D1}.Release|Any CPU.Build.0 = Release|Any CPU
	EndGlobalSection
	GlobalSection(SolutionProperties) = preSolution
		HideSolutionNode = FALSE
	EndGlobalSection
	GlobalSection(ExtensibilityGlobals) = postSolution
		SolutionGuid = {FC7A6510-737C-4910-A81D-8C235566CB63}
	EndGlobalSection
EndGlobal
